
Microsoft Visual Studio Solution File, Format Version 12.00
# Visual Studio 15
VisualStudioVersion = 15.0.28010.2046
MinimumVisualStudioVersion = 10.0.40219.1
Project("{FAE04EC0-301F-11D3-BF4B-00C04F79EFBC}") = "Questions", "Questions\Questions.csproj", "{22D22E6A-D3AD-4813-B72F-84335BC92CA8}"
EndProject
Global
	GlobalSection(SolutionConfigurationPlatforms) = preSolution
		Debug|Any CPU = Debug|Any CPU
		Release|Any CPU = Release|Any CPU
	EndGlobalSection
	GlobalSection(ProjectConfigurationPlatforms) = postSolution
		{22D22E6A-D3AD-4813-B72F-84335BC92CA8}.Debug|Any CPU.ActiveCfg = Debug|Any CPU
		{22D22E6A-D3AD-4813-B72F-84335BC92CA8}.Debug|Any CPU.Build.0 = Debug|Any CPU
		{22D22E6A-D3AD-4813-B72F-84335BC92CA8}.Release|Any CPU.ActiveCfg = Release|Any CPU
		{22D22E6A-D3AD-4813-B72F-84335BC92CA8}.Release|Any CPU.Build.0 = Release|Any CPU
	EndGlobalSection
	GlobalSection(SolutionProperties) = preSolution
		HideSolutionNode = FALSE
	EndGlobalSection
	GlobalSection(ExtensibilityGlobals) = postSolution
		SolutionGuid = {FA40F7E8-AEFC-42DA-8F52-5EBB8C47D84D}
	EndGlobalSection
EndGlobal
