
Microsoft Visual Studio Solution File, Format Version 12.00
# Visual Studio 15
VisualStudioVersion = 15.0.28010.2046
MinimumVisualStudioVersion = 10.0.40219.1
Project("{FAE04EC0-301F-11D3-BF4B-00C04F79EFBC}") = "Web", "Web\Web.csproj", "{B479275E-B237-4B9C-AE5B-5138CBDEECD5}"
EndProject
Global
	GlobalSection(SolutionConfigurationPlatforms) = preSolution
		Debug|Any CPU = Debug|Any CPU
		Release|Any CPU = Release|Any CPU
	EndGlobalSection
	GlobalSection(ProjectConfigurationPlatforms) = postSolution
		{B479275E-B237-4B9C-AE5B-5138CBDEECD5}.Debug|Any CPU.ActiveCfg = Debug|Any CPU
		{B479275E-B237-4B9C-AE5B-5138CBDEECD5}.Debug|Any CPU.Build.0 = Debug|Any CPU
		{B479275E-B237-4B9C-AE5B-5138CBDEECD5}.Release|Any CPU.ActiveCfg = Release|Any CPU
		{B479275E-B237-4B9C-AE5B-5138CBDEECD5}.Release|Any CPU.Build.0 = Release|Any CPU
	EndGlobalSection
	GlobalSection(SolutionProperties) = preSolution
		HideSolutionNode = FALSE
	EndGlobalSection
	GlobalSection(ExtensibilityGlobals) = postSolution
		SolutionGuid = {B5C08A8E-038E-4579-A8CE-E08CFF5FF339}
	EndGlobalSection
EndGlobal
